
Microsoft Visual Studio Solution File, Format Version 12.00
# Visual Studio 2013
VisualStudioVersion = 12.0.21005.1
MinimumVisualStudioVersion = 10.0.40219.1
Project("{FAE04EC0-301F-11D3-BF4B-00C04F79EFBC}") = "Nircbot.Cli", "Nircbot.Cli\Nircbot.Cli.csproj", "{A82D150E-B9D6-4517-98EA-462FA227469D}"
EndProject
Project("{FAE04EC0-301F-11D3-BF4B-00C04F79EFBC}") = "Nircbot.Core", "Nircbot.Core\Nircbot.Core.csproj", "{6883875C-ECA5-4F87-BCAF-2E56AF1467A0}"
EndProject
Project("{FAE04EC0-301F-11D3-BF4B-00C04F79EFBC}") = "Nircbot.Common", "Nircbot.Common\Nircbot.Common.csproj", "{5317C190-6311-4837-AE91-6F8CA0BFF575}"
EndProject
Project("{FAE04EC0-301F-11D3-BF4B-00C04F79EFBC}") = "Nircbot.Modules.ModuleInfo", "Nircbot.Modules\Nircbot.Modules.ModuleInfo.csproj", "{4DE4693F-E428-4FD8-B1CC-96608498DD69}"
EndProject
Project("{FAE04EC0-301F-11D3-BF4B-00C04F79EFBC}") = "Nircbot.Modules.Admin", "Nircbot.Modules.Admin\Nircbot.Modules.Admin.csproj", "{5708122E-D567-4E92-B01B-A1605600F907}"
EndProject
Project("{FAE04EC0-301F-11D3-BF4B-00C04F79EFBC}") = "Nircbot.Modules.Ruby", "Nircbot.Modules.Ruby\Nircbot.Modules.Ruby.csproj", "{6CD3E542-11F9-4153-A604-80CC5F3D37C3}"
EndProject
Project("{FAE04EC0-301F-11D3-BF4B-00C04F79EFBC}") = "Nircbot.Modules.Weather", "Nircbot.Modules.Weather\Nircbot.Modules.Weather.csproj", "{473BDB22-888B-43F3-B29A-84D32CA3E8C5}"
EndProject
Project("{FAE04EC0-301F-11D3-BF4B-00C04F79EFBC}") = "Nircbot.Modules.Dice", "Nircbot.Modules.Dice\Nircbot.Modules.Dice.csproj", "{DE312583-1034-4073-933D-39CA19B41A9D}"
EndProject
Project("{FAE04EC0-301F-11D3-BF4B-00C04F79EFBC}") = "Nircbot.Modules.UrbanDictionary", "Nircbot.Modules.UrbanDictionary\Nircbot.Modules.UrbanDictionary.csproj", "{00C16BF5-496D-424F-A7C2-13062A66A0B4}"
EndProject
Project("{FAE04EC0-301F-11D3-BF4B-00C04F79EFBC}") = "Nircbot.Modules.UrbanDictionary.Tests", "Nircbot.Modules.UrbanDictionary.Tests\Nircbot.Modules.UrbanDictionary.Tests.csproj", "{F7B8A327-1D59-428A-A72A-9AC317F9B270}"
EndProject
Global
	GlobalSection(SolutionConfigurationPlatforms) = preSolution
		Debug|Any CPU = Debug|Any CPU
		Release|Any CPU = Release|Any CPU
	EndGlobalSection
	GlobalSection(ProjectConfigurationPlatforms) = postSolution
		{A82D150E-B9D6-4517-98EA-462FA227469D}.Debug|Any CPU.ActiveCfg = Debug|Any CPU
		{A82D150E-B9D6-4517-98EA-462FA227469D}.Debug|Any CPU.Build.0 = Debug|Any CPU
		{A82D150E-B9D6-4517-98EA-462FA227469D}.Release|Any CPU.ActiveCfg = Release|Any CPU
		{A82D150E-B9D6-4517-98EA-462FA227469D}.Release|Any CPU.Build.0 = Release|Any CPU
		{6883875C-ECA5-4F87-BCAF-2E56AF1467A0}.Debug|Any CPU.ActiveCfg = Debug|Any CPU
		{6883875C-ECA5-4F87-BCAF-2E56AF1467A0}.Debug|Any CPU.Build.0 = Debug|Any CPU
		{6883875C-ECA5-4F87-BCAF-2E56AF1467A0}.Release|Any CPU.ActiveCfg = Release|Any CPU
		{6883875C-ECA5-4F87-BCAF-2E56AF1467A0}.Release|Any CPU.Build.0 = Release|Any CPU
		{5317C190-6311-4837-AE91-6F8CA0BFF575}.Debug|Any CPU.ActiveCfg = Debug|Any CPU
		{5317C190-6311-4837-AE91-6F8CA0BFF575}.Debug|Any CPU.Build.0 = Debug|Any CPU
		{5317C190-6311-4837-AE91-6F8CA0BFF575}.Release|Any CPU.ActiveCfg = Release|Any CPU
		{5317C190-6311-4837-AE91-6F8CA0BFF575}.Release|Any CPU.Build.0 = Release|Any CPU
		{4DE4693F-E428-4FD8-B1CC-96608498DD69}.Debug|Any CPU.ActiveCfg = Debug|Any CPU
		{4DE4693F-E428-4FD8-B1CC-96608498DD69}.Debug|Any CPU.Build.0 = Debug|Any CPU
		{4DE4693F-E428-4FD8-B1CC-96608498DD69}.Release|Any CPU.ActiveCfg = Release|Any CPU
		{4DE4693F-E428-4FD8-B1CC-96608498DD69}.Release|Any CPU.Build.0 = Release|Any CPU
		{5708122E-D567-4E92-B01B-A1605600F907}.Debug|Any CPU.ActiveCfg = Debug|Any CPU
		{5708122E-D567-4E92-B01B-A1605600F907}.Debug|Any CPU.Build.0 = Debug|Any CPU
		{5708122E-D567-4E92-B01B-A1605600F907}.Release|Any CPU.ActiveCfg = Release|Any CPU
		{5708122E-D567-4E92-B01B-A1605600F907}.Release|Any CPU.Build.0 = Release|Any CPU
		{6CD3E542-11F9-4153-A604-80CC5F3D37C3}.Debug|Any CPU.ActiveCfg = Debug|Any CPU
		{6CD3E542-11F9-4153-A604-80CC5F3D37C3}.Debug|Any CPU.Build.0 = Debug|Any CPU
		{6CD3E542-11F9-4153-A604-80CC5F3D37C3}.Release|Any CPU.ActiveCfg = Release|Any CPU
		{6CD3E542-11F9-4153-A604-80CC5F3D37C3}.Release|Any CPU.Build.0 = Release|Any CPU
		{473BDB22-888B-43F3-B29A-84D32CA3E8C5}.Debug|Any CPU.ActiveCfg = Debug|Any CPU
		{473BDB22-888B-43F3-B29A-84D32CA3E8C5}.Debug|Any CPU.Build.0 = Debug|Any CPU
		{473BDB22-888B-43F3-B29A-84D32CA3E8C5}.Release|Any CPU.ActiveCfg = Release|Any CPU
		{473BDB22-888B-43F3-B29A-84D32CA3E8C5}.Release|Any CPU.Build.0 = Release|Any CPU
		{DE312583-1034-4073-933D-39CA19B41A9D}.Debug|Any CPU.ActiveCfg = Debug|Any CPU
		{DE312583-1034-4073-933D-39CA19B41A9D}.Debug|Any CPU.Build.0 = Debug|Any CPU
		{DE312583-1034-4073-933D-39CA19B41A9D}.Release|Any CPU.ActiveCfg = Release|Any CPU
		{DE312583-1034-4073-933D-39CA19B41A9D}.Release|Any CPU.Build.0 = Release|Any CPU
		{00C16BF5-496D-424F-A7C2-13062A66A0B4}.Debug|Any CPU.ActiveCfg = Debug|Any CPU
		{00C16BF5-496D-424F-A7C2-13062A66A0B4}.Debug|Any CPU.Build.0 = Debug|Any CPU
		{00C16BF5-496D-424F-A7C2-13062A66A0B4}.Release|Any CPU.ActiveCfg = Release|Any CPU
		{00C16BF5-496D-424F-A7C2-13062A66A0B4}.Release|Any CPU.Build.0 = Release|Any CPU
		{F7B8A327-1D59-428A-A72A-9AC317F9B270}.Debug|Any CPU.ActiveCfg = Debug|Any CPU
		{F7B8A327-1D59-428A-A72A-9AC317F9B270}.Debug|Any CPU.Build.0 = Debug|Any CPU
		{F7B8A327-1D59-428A-A72A-9AC317F9B270}.Release|Any CPU.ActiveCfg = Release|Any CPU
		{F7B8A327-1D59-428A-A72A-9AC317F9B270}.Release|Any CPU.Build.0 = Release|Any CPU
	EndGlobalSection
	GlobalSection(SolutionProperties) = preSolution
		HideSolutionNode = FALSE
	EndGlobalSection
EndGlobal
